
Microsoft Visual Studio Solution File, Format Version 12.00
# Visual Studio Version 16
VisualStudioVersion = 16.0.30104.148
MinimumVisualStudioVersion = 10.0.40219.1
Project("{9A19103F-16F7-4668-BE54-9A1E7A4F7556}") = "shortenerTools", "shortenerTools.csproj", "{6C8AD39B-9C1B-4581-9516-A56BFDB025E4}"
EndProject
Global
	GlobalSection(SolutionConfigurationPlatforms) = preSolution
		Debug|Any CPU = Debug|Any CPU
		Release|Any CPU = Release|Any CPU
	EndGlobalSection
	GlobalSection(ProjectConfigurationPlatforms) = postSolution
		{6C8AD39B-9C1B-4581-9516-A56BFDB025E4}.Debug|Any CPU.ActiveCfg = Debug|Any CPU
		{6C8AD39B-9C1B-4581-9516-A56BFDB025E4}.Debug|Any CPU.Build.0 = Debug|Any CPU
		{6C8AD39B-9C1B-4581-9516-A56BFDB025E4}.Release|Any CPU.ActiveCfg = Release|Any CPU
		{6C8AD39B-9C1B-4581-9516-A56BFDB025E4}.Release|Any CPU.Build.0 = Release|Any CPU
	EndGlobalSection
	GlobalSection(SolutionProperties) = preSolution
		HideSolutionNode = FALSE
	EndGlobalSection
	GlobalSection(ExtensibilityGlobals) = postSolution
		SolutionGuid = {DD94D426-1CB6-4FE2-BD24-8323895F1626}
	EndGlobalSection
EndGlobal
